
Microsoft Visual Studio Solution File, Format Version 12.00
# Visual Studio Version 16
VisualStudioVersion = 16.0.31624.102
MinimumVisualStudioVersion = 10.0.40219.1
Project("{FAE04EC0-301F-11D3-BF4B-00C04F79EFBC}") = "Unlock_Pattern", "Unlock_Pattern\Unlock_Pattern.csproj", "{B7A36E1B-D2D9-4AE4-B3BE-3F4DAB460169}"
EndProject
Global
	GlobalSection(SolutionConfigurationPlatforms) = preSolution
		Debug|Any CPU = Debug|Any CPU
		Release|Any CPU = Release|Any CPU
	EndGlobalSection
	GlobalSection(ProjectConfigurationPlatforms) = postSolution
		{B7A36E1B-D2D9-4AE4-B3BE-3F4DAB460169}.Debug|Any CPU.ActiveCfg = Debug|Any CPU
		{B7A36E1B-D2D9-4AE4-B3BE-3F4DAB460169}.Debug|Any CPU.Build.0 = Debug|Any CPU
		{B7A36E1B-D2D9-4AE4-B3BE-3F4DAB460169}.Release|Any CPU.ActiveCfg = Release|Any CPU
		{B7A36E1B-D2D9-4AE4-B3BE-3F4DAB460169}.Release|Any CPU.Build.0 = Release|Any CPU
	EndGlobalSection
	GlobalSection(SolutionProperties) = preSolution
		HideSolutionNode = FALSE
	EndGlobalSection
	GlobalSection(ExtensibilityGlobals) = postSolution
		SolutionGuid = {E136A442-607A-457A-AF0F-C0904510DC0B}
	EndGlobalSection
EndGlobal
